
Microsoft Visual Studio Solution File, Format Version 12.00
# Visual Studio Version 17
VisualStudioVersion = 17.2.32630.192
MinimumVisualStudioVersion = 10.0.40219.1
Project("{FAE04EC0-301F-11D3-BF4B-00C04F79EFBC}") = "CRUD_CORE", "CRUD_CORE\CRUD_CORE.csproj", "{ED19811C-A4AD-4FD7-89C7-AA8D6CCFB40F}"
EndProject
Global
	GlobalSection(SolutionConfigurationPlatforms) = preSolution
		Debug|Any CPU = Debug|Any CPU
		Release|Any CPU = Release|Any CPU
	EndGlobalSection
	GlobalSection(ProjectConfigurationPlatforms) = postSolution
		{ED19811C-A4AD-4FD7-89C7-AA8D6CCFB40F}.Debug|Any CPU.ActiveCfg = Debug|Any CPU
		{ED19811C-A4AD-4FD7-89C7-AA8D6CCFB40F}.Debug|Any CPU.Build.0 = Debug|Any CPU
		{ED19811C-A4AD-4FD7-89C7-AA8D6CCFB40F}.Release|Any CPU.ActiveCfg = Release|Any CPU
		{ED19811C-A4AD-4FD7-89C7-AA8D6CCFB40F}.Release|Any CPU.Build.0 = Release|Any CPU
	EndGlobalSection
	GlobalSection(SolutionProperties) = preSolution
		HideSolutionNode = FALSE
	EndGlobalSection
	GlobalSection(ExtensibilityGlobals) = postSolution
		SolutionGuid = {62FE8F04-5BD8-4CC9-BD5D-A548C563DA4A}
	EndGlobalSection
EndGlobal
